
Microsoft Visual Studio Solution File, Format Version 12.00
# Visual Studio Version 17
VisualStudioVersion = 17.2.32630.192
MinimumVisualStudioVersion = 10.0.40219.1
Project("{FAE04EC0-301F-11D3-BF4B-00C04F79EFBC}") = "csharp_chart_my", "csharp_chart_my\csharp_chart_my.csproj", "{F79B1C9A-5001-4DC3-AB7E-24BA084E68A2}"
EndProject
Global
	GlobalSection(SolutionConfigurationPlatforms) = preSolution
		Debug|Any CPU = Debug|Any CPU
		Release|Any CPU = Release|Any CPU
	EndGlobalSection
	GlobalSection(ProjectConfigurationPlatforms) = postSolution
		{F79B1C9A-5001-4DC3-AB7E-24BA084E68A2}.Debug|Any CPU.ActiveCfg = Debug|Any CPU
		{F79B1C9A-5001-4DC3-AB7E-24BA084E68A2}.Debug|Any CPU.Build.0 = Debug|Any CPU
		{F79B1C9A-5001-4DC3-AB7E-24BA084E68A2}.Release|Any CPU.ActiveCfg = Release|Any CPU
		{F79B1C9A-5001-4DC3-AB7E-24BA084E68A2}.Release|Any CPU.Build.0 = Release|Any CPU
	EndGlobalSection
	GlobalSection(SolutionProperties) = preSolution
		HideSolutionNode = FALSE
	EndGlobalSection
	GlobalSection(ExtensibilityGlobals) = postSolution
		SolutionGuid = {C8074E52-1D91-45B2-BD38-15834E75E9CE}
	EndGlobalSection
EndGlobal
